
Microsoft Visual Studio Solution File, Format Version 12.00
# Visual Studio Version 17
VisualStudioVersion = 17.9.34728.123
MinimumVisualStudioVersion = 10.0.40219.1
Project("{FAE04EC0-301F-11D3-BF4B-00C04F79EFBC}") = "Hotcups", "Hotcups\Hotcups.csproj", "{17324BEF-1176-43E2-9435-DE6ACABF6A5F}"
EndProject
Global
	GlobalSection(SolutionConfigurationPlatforms) = preSolution
		Debug|Any CPU = Debug|Any CPU
		Release|Any CPU = Release|Any CPU
	EndGlobalSection
	GlobalSection(ProjectConfigurationPlatforms) = postSolution
		{17324BEF-1176-43E2-9435-DE6ACABF6A5F}.Debug|Any CPU.ActiveCfg = Debug|Any CPU
		{17324BEF-1176-43E2-9435-DE6ACABF6A5F}.Debug|Any CPU.Build.0 = Debug|Any CPU
		{17324BEF-1176-43E2-9435-DE6ACABF6A5F}.Release|Any CPU.ActiveCfg = Release|Any CPU
		{17324BEF-1176-43E2-9435-DE6ACABF6A5F}.Release|Any CPU.Build.0 = Release|Any CPU
	EndGlobalSection
	GlobalSection(SolutionProperties) = preSolution
		HideSolutionNode = FALSE
	EndGlobalSection
	GlobalSection(ExtensibilityGlobals) = postSolution
		SolutionGuid = {056C7158-E9C2-4F82-9123-5E10259B9D39}
	EndGlobalSection
EndGlobal
